
Microsoft Visual Studio Solution File, Format Version 12.00
Project("{FAE04EC0-301F-11D3-BF4B-00C04F79EFBC}") = "YTG-Ranking", "YTG-Ranking.csproj", "{22F6FE9C-4B6A-473A-9F20-5A14B2E7FD11}"
EndProject
Global
	GlobalSection(SolutionConfigurationPlatforms) = preSolution
		Debug|Any CPU = Debug|Any CPU
		Release|Any CPU = Release|Any CPU
	EndGlobalSection
	GlobalSection(ProjectConfigurationPlatforms) = postSolution
		{22F6FE9C-4B6A-473A-9F20-5A14B2E7FD11}.Debug|Any CPU.ActiveCfg = Debug|Any CPU
		{22F6FE9C-4B6A-473A-9F20-5A14B2E7FD11}.Debug|Any CPU.Build.0 = Debug|Any CPU
		{22F6FE9C-4B6A-473A-9F20-5A14B2E7FD11}.Release|Any CPU.ActiveCfg = Release|Any CPU
		{22F6FE9C-4B6A-473A-9F20-5A14B2E7FD11}.Release|Any CPU.Build.0 = Release|Any CPU
	EndGlobalSection
EndGlobal
